
Microsoft Visual Studio Solution File, Format Version 12.00
# Visual Studio Version 16
VisualStudioVersion = 16.0.30320.27
MinimumVisualStudioVersion = 10.0.40219.1
Project("{FAE04EC0-301F-11D3-BF4B-00C04F79EFBC}") = "ITMO.124.4.ASP.NET.LAB 1", "ITMO.124.4.ASP.NET.LAB 1\ITMO.124.4.ASP.NET.LAB 1.csproj", "{A0034816-55E7-49A4-858B-88EA76084257}"
EndProject
Project("{FAE04EC0-301F-11D3-BF4B-00C04F79EFBC}") = "ITMO.124.4.ASP.NET.LAB 2", "ITMO.124.4.ASP.NET.LAB 2\ITMO.124.4.ASP.NET.LAB 2.csproj", "{CF49422E-9AA5-4F98-96AC-2C8AE37AB3BC}"
EndProject
Project("{FAE04EC0-301F-11D3-BF4B-00C04F79EFBC}") = "ITMO.124.4.ASP.NET.LAB 3", "ITMO.124.4.ASP.NET.LAB 3\ITMO.124.4.ASP.NET.LAB 3.csproj", "{5426416B-A054-432A-A3EF-7DDC4C8B1C23}"
EndProject
Project("{FAE04EC0-301F-11D3-BF4B-00C04F79EFBC}") = "ITMO.124.4.ASP.NET.LAB 4", "ITMO.124.4.ASP.NET.LAB 4\ITMO.124.4.ASP.NET.LAB 4.csproj", "{85A7F0F5-3F30-464B-995A-36A71D9ABA5D}"
EndProject
Project("{FAE04EC0-301F-11D3-BF4B-00C04F79EFBC}") = "ITMO.124.4.ASP.NET.LAB 5", "ITMO.124.4.ASP.NET.LAB 5\ITMO.124.4.ASP.NET.LAB 5.csproj", "{EF7BBD14-4C59-4D31-9453-BFA5A4EC1407}"
EndProject
Project("{FAE04EC0-301F-11D3-BF4B-00C04F79EFBC}") = "ITMO.124.4.ASP.NET.LAB 7", "ITMO.124.4.ASP.NET.LAB 7\ITMO.124.4.ASP.NET.LAB 7.csproj", "{A8C8CF9A-6236-4CE0-A9B0-CA921701A251}"
EndProject
Project("{FAE04EC0-301F-11D3-BF4B-00C04F79EFBC}") = "ITMO.124.4.ASP.NET.LAB 8", "ITMO.124.4.ASP.NET.LAB 8\ITMO.124.4.ASP.NET.LAB 8.csproj", "{0C478C37-A964-4D5C-A3E7-8D02C6DC9B37}"
EndProject
Global
	GlobalSection(SolutionConfigurationPlatforms) = preSolution
		Debug|Any CPU = Debug|Any CPU
		Release|Any CPU = Release|Any CPU
	EndGlobalSection
	GlobalSection(ProjectConfigurationPlatforms) = postSolution
		{A0034816-55E7-49A4-858B-88EA76084257}.Debug|Any CPU.ActiveCfg = Debug|Any CPU
		{A0034816-55E7-49A4-858B-88EA76084257}.Debug|Any CPU.Build.0 = Debug|Any CPU
		{A0034816-55E7-49A4-858B-88EA76084257}.Release|Any CPU.ActiveCfg = Release|Any CPU
		{A0034816-55E7-49A4-858B-88EA76084257}.Release|Any CPU.Build.0 = Release|Any CPU
		{CF49422E-9AA5-4F98-96AC-2C8AE37AB3BC}.Debug|Any CPU.ActiveCfg = Debug|Any CPU
		{CF49422E-9AA5-4F98-96AC-2C8AE37AB3BC}.Debug|Any CPU.Build.0 = Debug|Any CPU
		{CF49422E-9AA5-4F98-96AC-2C8AE37AB3BC}.Release|Any CPU.ActiveCfg = Release|Any CPU
		{CF49422E-9AA5-4F98-96AC-2C8AE37AB3BC}.Release|Any CPU.Build.0 = Release|Any CPU
		{5426416B-A054-432A-A3EF-7DDC4C8B1C23}.Debug|Any CPU.ActiveCfg = Debug|Any CPU
		{5426416B-A054-432A-A3EF-7DDC4C8B1C23}.Debug|Any CPU.Build.0 = Debug|Any CPU
		{5426416B-A054-432A-A3EF-7DDC4C8B1C23}.Release|Any CPU.ActiveCfg = Release|Any CPU
		{5426416B-A054-432A-A3EF-7DDC4C8B1C23}.Release|Any CPU.Build.0 = Release|Any CPU
		{85A7F0F5-3F30-464B-995A-36A71D9ABA5D}.Debug|Any CPU.ActiveCfg = Debug|Any CPU
		{85A7F0F5-3F30-464B-995A-36A71D9ABA5D}.Debug|Any CPU.Build.0 = Debug|Any CPU
		{85A7F0F5-3F30-464B-995A-36A71D9ABA5D}.Release|Any CPU.ActiveCfg = Release|Any CPU
		{85A7F0F5-3F30-464B-995A-36A71D9ABA5D}.Release|Any CPU.Build.0 = Release|Any CPU
		{EF7BBD14-4C59-4D31-9453-BFA5A4EC1407}.Debug|Any CPU.ActiveCfg = Debug|Any CPU
		{EF7BBD14-4C59-4D31-9453-BFA5A4EC1407}.Debug|Any CPU.Build.0 = Debug|Any CPU
		{EF7BBD14-4C59-4D31-9453-BFA5A4EC1407}.Release|Any CPU.ActiveCfg = Release|Any CPU
		{EF7BBD14-4C59-4D31-9453-BFA5A4EC1407}.Release|Any CPU.Build.0 = Release|Any CPU
		{A8C8CF9A-6236-4CE0-A9B0-CA921701A251}.Debug|Any CPU.ActiveCfg = Debug|Any CPU
		{A8C8CF9A-6236-4CE0-A9B0-CA921701A251}.Debug|Any CPU.Build.0 = Debug|Any CPU
		{A8C8CF9A-6236-4CE0-A9B0-CA921701A251}.Release|Any CPU.ActiveCfg = Release|Any CPU
		{A8C8CF9A-6236-4CE0-A9B0-CA921701A251}.Release|Any CPU.Build.0 = Release|Any CPU
		{0C478C37-A964-4D5C-A3E7-8D02C6DC9B37}.Debug|Any CPU.ActiveCfg = Debug|Any CPU
		{0C478C37-A964-4D5C-A3E7-8D02C6DC9B37}.Debug|Any CPU.Build.0 = Debug|Any CPU
		{0C478C37-A964-4D5C-A3E7-8D02C6DC9B37}.Release|Any CPU.ActiveCfg = Release|Any CPU
		{0C478C37-A964-4D5C-A3E7-8D02C6DC9B37}.Release|Any CPU.Build.0 = Release|Any CPU
	EndGlobalSection
	GlobalSection(SolutionProperties) = preSolution
		HideSolutionNode = FALSE
	EndGlobalSection
	GlobalSection(ExtensibilityGlobals) = postSolution
		SolutionGuid = {003A8703-134C-4CD0-BF10-561B6108D5DD}
	EndGlobalSection
EndGlobal
